
Microsoft Visual Studio Solution File, Format Version 12.00
# Visual Studio Version 16
VisualStudioVersion = 16.0.33529.622
MinimumVisualStudioVersion = 10.0.40219.1
Project("{FAE04EC0-301F-11D3-BF4B-00C04F79EFBC}") = "CMS_MVC", "CMS_MVC.csproj", "{2D282CF1-867D-405C-B0A9-2EA51C858180}"
EndProject
Global
	GlobalSection(SolutionConfigurationPlatforms) = preSolution
		Debug|Any CPU = Debug|Any CPU
		Release|Any CPU = Release|Any CPU
	EndGlobalSection
	GlobalSection(ProjectConfigurationPlatforms) = postSolution
		{2D282CF1-867D-405C-B0A9-2EA51C858180}.Debug|Any CPU.ActiveCfg = Debug|Any CPU
		{2D282CF1-867D-405C-B0A9-2EA51C858180}.Debug|Any CPU.Build.0 = Debug|Any CPU
		{2D282CF1-867D-405C-B0A9-2EA51C858180}.Release|Any CPU.ActiveCfg = Release|Any CPU
		{2D282CF1-867D-405C-B0A9-2EA51C858180}.Release|Any CPU.Build.0 = Release|Any CPU
	EndGlobalSection
	GlobalSection(SolutionProperties) = preSolution
		HideSolutionNode = FALSE
	EndGlobalSection
	GlobalSection(ExtensibilityGlobals) = postSolution
		SolutionGuid = {1102D84D-A483-4B58-89BA-F556924BD198}
	EndGlobalSection
EndGlobal
